# This file is automatically @generated by Cargo.
# It is not intended for manual editing.
version = 4

[[package]]
name = "ncl"
version = "0.1.0"

[[package]]
name = "ncl-asm-aarch64"
version = "0.1.0"

[[package]]
name = "ncl-asm-x86-64"
version = "0.1.0"

[[package]]
name = "ncl-codegen"
version = "0.1.0"
dependencies = [
 "ncl-asm-x86-64",
 "ncl-ir",
]

[[package]]
name = "ncl-ir"
version = "0.1.0"

[[package]]
name = "ncl-sys"
version = "0.1.0"
