# This file is automatically @generated by Cargo.
# It is not intended for manual editing.
version = 4

[[package]]
name = "ncl"
version = "0.1.0"
dependencies = [
 "ncl-runtime",
 "ncl-syntax",
]

[[package]]
name = "ncl-compiler"
version = "0.1.0"
dependencies = [
 "ncl-syntax",
]

[[package]]
name = "ncl-runtime"
version = "0.1.0"
dependencies = [
 "ncl-compiler",
 "ncl-syntax",
]

[[package]]
name = "ncl-syntax"
version = "0.1.0"
